
Microsoft Visual Studio Solution File, Format Version 12.00
# Visual Studio Version 17
VisualStudioVersion = 17.0.31903.59
MinimumVisualStudioVersion = 10.0.40219.1
Project("{FAE04EC0-301F-11D3-BF4B-00C04F79EFBC}") = "FastData.Examples", "Src\FastData.Examples\FastData.Examples.csproj", "{0AE2A47D-4C5C-4705-B29F-8D17C540A78D}"
EndProject
Project("{2150E333-8FDC-42A3-9474-1A3956D46DE8}") = "_Items", "_Items", "{DDA48CE4-1478-47F9-B44B-B117606FBDFC}"
	ProjectSection(SolutionItems) = preProject
		.gitattributes = .gitattributes
		.gitignore = .gitignore
		LICENSE.txt = LICENSE.txt
		README.md = README.md
		.editorconfig = .editorconfig
		.globalconfig = .globalconfig
	EndProjectSection
EndProject
Project("{2150E333-8FDC-42A3-9474-1A3956D46DE8}") = "_Imports", "_Imports", "{95BF9A68-FE1B-4106-91C8-CB881106BFD4}"
EndProject
Project("{FAE04EC0-301F-11D3-BF4B-00C04F79EFBC}") = "FastData.Tests", "Src\FastData.Tests\FastData.Tests.csproj", "{4D10B7BE-6DEA-4B79-B2BB-43B7FA1F5E10}"
EndProject
Project("{FAE04EC0-301F-11D3-BF4B-00C04F79EFBC}") = "FastData.Benchmarks", "Src\FastData.Benchmarks\FastData.Benchmarks.csproj", "{91DB5D99-0C88-40E8-A0A0-3EDF292AA240}"
EndProject
Project("{2150E333-8FDC-42A3-9474-1A3956D46DE8}") = "_Github", "_Github", "{B774BCA8-4D2D-44E7-903F-0FFC349FCC85}"
	ProjectSection(SolutionItems) = preProject
		.github\FUNDING.yml = .github\FUNDING.yml
	EndProjectSection
EndProject
Project("{2150E333-8FDC-42A3-9474-1A3956D46DE8}") = "IssueTemplates", "IssueTemplates", "{24810DE3-EAFF-4FA9-8813-209C15AC75EC}"
	ProjectSection(SolutionItems) = preProject
		.github\ISSUE_TEMPLATE\bug_report.md = .github\ISSUE_TEMPLATE\bug_report.md
		.github\ISSUE_TEMPLATE\feature_request.md = .github\ISSUE_TEMPLATE\feature_request.md
	EndProjectSection
EndProject
Project("{2150E333-8FDC-42A3-9474-1A3956D46DE8}") = "Workflows", "Workflows", "{49B11A05-65BA-4C41-A886-D07726F77EEC}"
	ProjectSection(SolutionItems) = preProject
		.github\workflows\generic-build.yml = .github\workflows\generic-build.yml
		.github\workflows\nuget-release.yml = .github\workflows\nuget-release.yml
	EndProjectSection
EndProject
Project("{2150E333-8FDC-42A3-9474-1A3956D46DE8}") = "Local", "Local", "{2D71B425-3F70-414A-9044-5F483C57AA7A}"
	ProjectSection(SolutionItems) = preProject
		Locals\Directory.Build.props = Locals\Directory.Build.props
		Locals\Directory.Packages.props = Locals\Directory.Packages.props
		Locals\Library.props = Locals\Library.props
		Locals\Tests.props = Locals\Tests.props
		Locals\Benchmarks.props = Locals\Benchmarks.props
	EndProjectSection
EndProject
Project("{2150E333-8FDC-42A3-9474-1A3956D46DE8}") = "Managed", "Managed", "{8678F082-EBA8-4718-AD4E-55BAD7EE853F}"
	ProjectSection(SolutionItems) = preProject
		Src\Directory.Build.props = Src\Directory.Build.props
		Src\Directory.Build.targets = Src\Directory.Build.targets
	EndProjectSection
EndProject
Project("{2150E333-8FDC-42A3-9474-1A3956D46DE8}") = "Packages", "Packages", "{FE42A5C5-BF6D-4162-82D9-9423BA81437D}"
	ProjectSection(SolutionItems) = preProject
		Src\Directory.Packages.props = Src\Directory.Packages.props
		Src\Directory.Packages.Analyzers.props = Src\Directory.Packages.Analyzers.props
	EndProjectSection
EndProject
Project("{2150E333-8FDC-42A3-9474-1A3956D46DE8}") = "Project", "Project", "{26DCE90B-7C0D-4805-9BF6-C8A0CF0CB49E}"
	ProjectSection(SolutionItems) = preProject
		Imports\Benchmarks.props = Imports\Benchmarks.props
		Imports\Console.props = Imports\Console.props
		Imports\Examples.props = Imports\Examples.props
		Imports\Library.props = Imports\Library.props
		Imports\Tests.props = Imports\Tests.props
	EndProjectSection
EndProject
Project("{FAE04EC0-301F-11D3-BF4B-00C04F79EFBC}") = "FastData.InternalShared", "Src\FastData.InternalShared\FastData.InternalShared.csproj", "{2FA7C61A-60C0-40E6-AAD2-573B1A8DADCC}"
EndProject
Project("{FAE04EC0-301F-11D3-BF4B-00C04F79EFBC}") = "FastData", "Src\FastData\FastData.csproj", "{24CACF84-1F4D-4473-9388-9CC18432B0B5}"
EndProject
Project("{FAE04EC0-301F-11D3-BF4B-00C04F79EFBC}") = "FastData.Testbed", "Src\FastData.Testbed\FastData.Testbed.csproj", "{3B0C2ED7-1056-42A6-B2CD-2DA992B9F726}"
EndProject
Project("{FAE04EC0-301F-11D3-BF4B-00C04F79EFBC}") = "FastData.SourceGenerator", "Src\FastData.SourceGenerator\FastData.SourceGenerator.csproj", "{3EF7DF2F-5F6C-4673-87CE-45AEFDD6478B}"
EndProject
Project("{FAE04EC0-301F-11D3-BF4B-00C04F79EFBC}") = "FastData.SourceGenerator.Examples", "Src\FastData.SourceGenerator.Examples\FastData.SourceGenerator.Examples.csproj", "{D0DDAB70-AD6C-41F6-A73C-775824E30654}"
EndProject
Project("{FAE04EC0-301F-11D3-BF4B-00C04F79EFBC}") = "FastData.SourceGenerator.Tests", "Src\FastData.SourceGenerator.Tests\FastData.SourceGenerator.Tests.csproj", "{757F6252-E31A-4CEF-B76F-24B34798BA59}"
EndProject
Project("{2150E333-8FDC-42A3-9474-1A3956D46DE8}") = "Generators", "Generators", "{08D0B91C-BF98-4679-BFD2-4684959CD355}"
EndProject
Project("{FAE04EC0-301F-11D3-BF4B-00C04F79EFBC}") = "FastData.Generator.CSharp", "Src\FastData.Generator.CSharp\FastData.Generator.CSharp.csproj", "{C39CE7FD-F986-426E-818E-08498B3EA026}"
EndProject
Project("{FAE04EC0-301F-11D3-BF4B-00C04F79EFBC}") = "FastData.Generator.CSharp.Benchmarks", "Src\FastData.Generator.CSharp.Benchmarks\FastData.Generator.CSharp.Benchmarks.csproj", "{8487D5BA-10A7-49F4-948C-91DFCD253576}"
EndProject
Project("{FAE04EC0-301F-11D3-BF4B-00C04F79EFBC}") = "FastData.Generator.CSharp.Tests", "Src\FastData.Generator.CSharp.Tests\FastData.Generator.CSharp.Tests.csproj", "{5B5968C0-8344-4C43-81B9-257341E7CB59}"
EndProject
Project("{2150E333-8FDC-42A3-9474-1A3956D46DE8}") = "SourceGenerator", "SourceGenerator", "{B9FFA687-707F-4F18-A7F1-92CD0B9A258A}"
EndProject
Project("{FAE04EC0-301F-11D3-BF4B-00C04F79EFBC}") = "FastData.Generator", "Src\FastData.Generator\FastData.Generator.csproj", "{9EACFE00-1055-43DD-BFB5-7C6448B107FC}"
EndProject
Project("{FAE04EC0-301F-11D3-BF4B-00C04F79EFBC}") = "FastData.Generator.Tests", "Src\FastData.Generator.Tests\FastData.Generator.Tests.csproj", "{C47D3500-3446-4B24-A267-318886F36A47}"
EndProject
Project("{FAE04EC0-301F-11D3-BF4B-00C04F79EFBC}") = "FastData.Generator.CPlusPlus", "Src\FastData.Generator.CPlusPlus\FastData.Generator.CPlusPlus.csproj", "{42582813-5EEB-40BF-AD39-7779AB5CB49F}"
EndProject
Project("{FAE04EC0-301F-11D3-BF4B-00C04F79EFBC}") = "FastData.Generator.CPlusPlus.Tests", "Src\FastData.Generator.CPlusPlus.Tests\FastData.Generator.CPlusPlus.Tests.csproj", "{BB90472C-EDB4-4096-BBF1-31155DF4ECBF}"
EndProject
Project("{FAE04EC0-301F-11D3-BF4B-00C04F79EFBC}") = "FastData.Cli", "Src\FastData.Cli\FastData.Cli.csproj", "{8E43F76D-2D1C-49FC-84DF-45E0B73E80F1}"
EndProject
Project("{2150E333-8FDC-42A3-9474-1A3956D46DE8}") = "Cli", "Cli", "{929CD776-13A7-47E7-884B-A9B3A02BC4F1}"
EndProject
Project("{2150E333-8FDC-42A3-9474-1A3956D46DE8}") = "PowerShell", "PowerShell", "{E3F10FE2-903B-4DCD-98A8-A18E1589C3BE}"
	ProjectSection(SolutionItems) = preProject
		Misc\PowerShell\FastData.psd1 = Misc\PowerShell\FastData.psd1
		Misc\PowerShell\FastData.psm1 = Misc\PowerShell\FastData.psm1
	EndProjectSection
EndProject
Project("{2150E333-8FDC-42A3-9474-1A3956D46DE8}") = "_Scripts", "_Scripts", "{6257D463-0651-404E-8440-BD7AD4EC89F4}"
	ProjectSection(SolutionItems) = preProject
		Scripts\Build.ps1 = Scripts\Build.ps1
		Scripts\Publish.ps1 = Scripts\Publish.ps1
	EndProjectSection
EndProject
Project("{FAE04EC0-301F-11D3-BF4B-00C04F79EFBC}") = "FastData.Generator.Rust", "Src\FastData.Generator.Rust\FastData.Generator.Rust.csproj", "{8880847E-5007-4845-91D5-CCEB1A96B97C}"
EndProject
Project("{FAE04EC0-301F-11D3-BF4B-00C04F79EFBC}") = "FastData.Generator.Rust.Tests", "Src\FastData.Generator.Rust.Tests\FastData.Generator.Rust.Tests.csproj", "{3A4ECC21-F50D-428B-A4D6-D465A918B862}"
EndProject
Project("{FAE04EC0-301F-11D3-BF4B-00C04F79EFBC}") = "FastData.Generator.CPlusPlus.Benchmarks", "Src\FastData.Generator.CPlusPlus.Benchmarks\FastData.Generator.CPlusPlus.Benchmarks.csproj", "{CF626B57-369C-40A2-8D4A-888D732BC175}"
EndProject
Project("{FAE04EC0-301F-11D3-BF4B-00C04F79EFBC}") = "FastData.Generator.CPlusPlus.Shared", "Src\FastData.Generator.CPlusPlus.Shared\FastData.Generator.CPlusPlus.Shared.csproj", "{9E8DD07A-0453-41BB-8F35-527A92B5E52E}"
EndProject
Project("{FAE04EC0-301F-11D3-BF4B-00C04F79EFBC}") = "FastData.Generator.Rust.Benchmarks", "Src\FastData.Generator.Rust.Benchmarks\FastData.Generator.Rust.Benchmarks.csproj", "{58AE6356-6FC2-4942-AF52-E8DB0DDDA5F5}"
EndProject
Project("{FAE04EC0-301F-11D3-BF4B-00C04F79EFBC}") = "FastData.Generator.Rust.Shared", "Src\FastData.Generator.Rust.Shared\FastData.Generator.Rust.Shared.csproj", "{EAC5FF10-F7A3-4F9E-AD29-D921492DC8D9}"
EndProject
Global
	GlobalSection(SolutionConfigurationPlatforms) = preSolution
		Debug|Any CPU = Debug|Any CPU
		Release|Any CPU = Release|Any CPU
	EndGlobalSection
	GlobalSection(SolutionProperties) = preSolution
		HideSolutionNode = FALSE
	EndGlobalSection
	GlobalSection(ProjectConfigurationPlatforms) = postSolution
		{0AE2A47D-4C5C-4705-B29F-8D17C540A78D}.Debug|Any CPU.ActiveCfg = Debug|Any CPU
		{0AE2A47D-4C5C-4705-B29F-8D17C540A78D}.Debug|Any CPU.Build.0 = Debug|Any CPU
		{0AE2A47D-4C5C-4705-B29F-8D17C540A78D}.Release|Any CPU.ActiveCfg = Release|Any CPU
		{0AE2A47D-4C5C-4705-B29F-8D17C540A78D}.Release|Any CPU.Build.0 = Release|Any CPU
		{4D10B7BE-6DEA-4B79-B2BB-43B7FA1F5E10}.Debug|Any CPU.ActiveCfg = Debug|Any CPU
		{4D10B7BE-6DEA-4B79-B2BB-43B7FA1F5E10}.Debug|Any CPU.Build.0 = Debug|Any CPU
		{4D10B7BE-6DEA-4B79-B2BB-43B7FA1F5E10}.Release|Any CPU.ActiveCfg = Release|Any CPU
		{4D10B7BE-6DEA-4B79-B2BB-43B7FA1F5E10}.Release|Any CPU.Build.0 = Release|Any CPU
		{91DB5D99-0C88-40E8-A0A0-3EDF292AA240}.Debug|Any CPU.ActiveCfg = Debug|Any CPU
		{91DB5D99-0C88-40E8-A0A0-3EDF292AA240}.Debug|Any CPU.Build.0 = Debug|Any CPU
		{91DB5D99-0C88-40E8-A0A0-3EDF292AA240}.Release|Any CPU.ActiveCfg = Release|Any CPU
		{91DB5D99-0C88-40E8-A0A0-3EDF292AA240}.Release|Any CPU.Build.0 = Release|Any CPU
		{2FA7C61A-60C0-40E6-AAD2-573B1A8DADCC}.Debug|Any CPU.ActiveCfg = Debug|Any CPU
		{2FA7C61A-60C0-40E6-AAD2-573B1A8DADCC}.Debug|Any CPU.Build.0 = Debug|Any CPU
		{2FA7C61A-60C0-40E6-AAD2-573B1A8DADCC}.Release|Any CPU.ActiveCfg = Release|Any CPU
		{2FA7C61A-60C0-40E6-AAD2-573B1A8DADCC}.Release|Any CPU.Build.0 = Release|Any CPU
		{24CACF84-1F4D-4473-9388-9CC18432B0B5}.Debug|Any CPU.ActiveCfg = Debug|Any CPU
		{24CACF84-1F4D-4473-9388-9CC18432B0B5}.Debug|Any CPU.Build.0 = Debug|Any CPU
		{24CACF84-1F4D-4473-9388-9CC18432B0B5}.Release|Any CPU.ActiveCfg = Release|Any CPU
		{24CACF84-1F4D-4473-9388-9CC18432B0B5}.Release|Any CPU.Build.0 = Release|Any CPU
		{3B0C2ED7-1056-42A6-B2CD-2DA992B9F726}.Debug|Any CPU.ActiveCfg = Debug|Any CPU
		{3B0C2ED7-1056-42A6-B2CD-2DA992B9F726}.Debug|Any CPU.Build.0 = Debug|Any CPU
		{3B0C2ED7-1056-42A6-B2CD-2DA992B9F726}.Release|Any CPU.ActiveCfg = Release|Any CPU
		{3B0C2ED7-1056-42A6-B2CD-2DA992B9F726}.Release|Any CPU.Build.0 = Release|Any CPU
		{3EF7DF2F-5F6C-4673-87CE-45AEFDD6478B}.Debug|Any CPU.ActiveCfg = Debug|Any CPU
		{3EF7DF2F-5F6C-4673-87CE-45AEFDD6478B}.Debug|Any CPU.Build.0 = Debug|Any CPU
		{3EF7DF2F-5F6C-4673-87CE-45AEFDD6478B}.Release|Any CPU.ActiveCfg = Release|Any CPU
		{3EF7DF2F-5F6C-4673-87CE-45AEFDD6478B}.Release|Any CPU.Build.0 = Release|Any CPU
		{D0DDAB70-AD6C-41F6-A73C-775824E30654}.Debug|Any CPU.ActiveCfg = Debug|Any CPU
		{D0DDAB70-AD6C-41F6-A73C-775824E30654}.Debug|Any CPU.Build.0 = Debug|Any CPU
		{D0DDAB70-AD6C-41F6-A73C-775824E30654}.Release|Any CPU.ActiveCfg = Release|Any CPU
		{D0DDAB70-AD6C-41F6-A73C-775824E30654}.Release|Any CPU.Build.0 = Release|Any CPU
		{757F6252-E31A-4CEF-B76F-24B34798BA59}.Debug|Any CPU.ActiveCfg = Debug|Any CPU
		{757F6252-E31A-4CEF-B76F-24B34798BA59}.Debug|Any CPU.Build.0 = Debug|Any CPU
		{757F6252-E31A-4CEF-B76F-24B34798BA59}.Release|Any CPU.ActiveCfg = Release|Any CPU
		{757F6252-E31A-4CEF-B76F-24B34798BA59}.Release|Any CPU.Build.0 = Release|Any CPU
		{C39CE7FD-F986-426E-818E-08498B3EA026}.Debug|Any CPU.ActiveCfg = Debug|Any CPU
		{C39CE7FD-F986-426E-818E-08498B3EA026}.Debug|Any CPU.Build.0 = Debug|Any CPU
		{C39CE7FD-F986-426E-818E-08498B3EA026}.Release|Any CPU.ActiveCfg = Release|Any CPU
		{C39CE7FD-F986-426E-818E-08498B3EA026}.Release|Any CPU.Build.0 = Release|Any CPU
		{8487D5BA-10A7-49F4-948C-91DFCD253576}.Debug|Any CPU.ActiveCfg = Debug|Any CPU
		{8487D5BA-10A7-49F4-948C-91DFCD253576}.Debug|Any CPU.Build.0 = Debug|Any CPU
		{8487D5BA-10A7-49F4-948C-91DFCD253576}.Release|Any CPU.ActiveCfg = Release|Any CPU
		{8487D5BA-10A7-49F4-948C-91DFCD253576}.Release|Any CPU.Build.0 = Release|Any CPU
		{5B5968C0-8344-4C43-81B9-257341E7CB59}.Debug|Any CPU.ActiveCfg = Debug|Any CPU
		{5B5968C0-8344-4C43-81B9-257341E7CB59}.Debug|Any CPU.Build.0 = Debug|Any CPU
		{5B5968C0-8344-4C43-81B9-257341E7CB59}.Release|Any CPU.ActiveCfg = Release|Any CPU
		{5B5968C0-8344-4C43-81B9-257341E7CB59}.Release|Any CPU.Build.0 = Release|Any CPU
		{9EACFE00-1055-43DD-BFB5-7C6448B107FC}.Debug|Any CPU.ActiveCfg = Debug|Any CPU
		{9EACFE00-1055-43DD-BFB5-7C6448B107FC}.Debug|Any CPU.Build.0 = Debug|Any CPU
		{9EACFE00-1055-43DD-BFB5-7C6448B107FC}.Release|Any CPU.ActiveCfg = Release|Any CPU
		{9EACFE00-1055-43DD-BFB5-7C6448B107FC}.Release|Any CPU.Build.0 = Release|Any CPU
		{C47D3500-3446-4B24-A267-318886F36A47}.Debug|Any CPU.ActiveCfg = Debug|Any CPU
		{C47D3500-3446-4B24-A267-318886F36A47}.Debug|Any CPU.Build.0 = Debug|Any CPU
		{C47D3500-3446-4B24-A267-318886F36A47}.Release|Any CPU.ActiveCfg = Release|Any CPU
		{C47D3500-3446-4B24-A267-318886F36A47}.Release|Any CPU.Build.0 = Release|Any CPU
		{42582813-5EEB-40BF-AD39-7779AB5CB49F}.Debug|Any CPU.ActiveCfg = Debug|Any CPU
		{42582813-5EEB-40BF-AD39-7779AB5CB49F}.Debug|Any CPU.Build.0 = Debug|Any CPU
		{42582813-5EEB-40BF-AD39-7779AB5CB49F}.Release|Any CPU.ActiveCfg = Release|Any CPU
		{42582813-5EEB-40BF-AD39-7779AB5CB49F}.Release|Any CPU.Build.0 = Release|Any CPU
		{BB90472C-EDB4-4096-BBF1-31155DF4ECBF}.Debug|Any CPU.ActiveCfg = Debug|Any CPU
		{BB90472C-EDB4-4096-BBF1-31155DF4ECBF}.Debug|Any CPU.Build.0 = Debug|Any CPU
		{BB90472C-EDB4-4096-BBF1-31155DF4ECBF}.Release|Any CPU.ActiveCfg = Release|Any CPU
		{BB90472C-EDB4-4096-BBF1-31155DF4ECBF}.Release|Any CPU.Build.0 = Release|Any CPU
		{8E43F76D-2D1C-49FC-84DF-45E0B73E80F1}.Debug|Any CPU.ActiveCfg = Debug|Any CPU
		{8E43F76D-2D1C-49FC-84DF-45E0B73E80F1}.Debug|Any CPU.Build.0 = Debug|Any CPU
		{8E43F76D-2D1C-49FC-84DF-45E0B73E80F1}.Release|Any CPU.ActiveCfg = Release|Any CPU
		{8E43F76D-2D1C-49FC-84DF-45E0B73E80F1}.Release|Any CPU.Build.0 = Release|Any CPU
		{8880847E-5007-4845-91D5-CCEB1A96B97C}.Debug|Any CPU.ActiveCfg = Debug|Any CPU
		{8880847E-5007-4845-91D5-CCEB1A96B97C}.Debug|Any CPU.Build.0 = Debug|Any CPU
		{8880847E-5007-4845-91D5-CCEB1A96B97C}.Release|Any CPU.ActiveCfg = Release|Any CPU
		{8880847E-5007-4845-91D5-CCEB1A96B97C}.Release|Any CPU.Build.0 = Release|Any CPU
		{3A4ECC21-F50D-428B-A4D6-D465A918B862}.Debug|Any CPU.ActiveCfg = Debug|Any CPU
		{3A4ECC21-F50D-428B-A4D6-D465A918B862}.Debug|Any CPU.Build.0 = Debug|Any CPU
		{3A4ECC21-F50D-428B-A4D6-D465A918B862}.Release|Any CPU.ActiveCfg = Release|Any CPU
		{3A4ECC21-F50D-428B-A4D6-D465A918B862}.Release|Any CPU.Build.0 = Release|Any CPU
		{CF626B57-369C-40A2-8D4A-888D732BC175}.Debug|Any CPU.ActiveCfg = Debug|Any CPU
		{CF626B57-369C-40A2-8D4A-888D732BC175}.Debug|Any CPU.Build.0 = Debug|Any CPU
		{CF626B57-369C-40A2-8D4A-888D732BC175}.Release|Any CPU.ActiveCfg = Release|Any CPU
		{CF626B57-369C-40A2-8D4A-888D732BC175}.Release|Any CPU.Build.0 = Release|Any CPU
		{9E8DD07A-0453-41BB-8F35-527A92B5E52E}.Debug|Any CPU.ActiveCfg = Debug|Any CPU
		{9E8DD07A-0453-41BB-8F35-527A92B5E52E}.Debug|Any CPU.Build.0 = Debug|Any CPU
		{9E8DD07A-0453-41BB-8F35-527A92B5E52E}.Release|Any CPU.ActiveCfg = Release|Any CPU
		{9E8DD07A-0453-41BB-8F35-527A92B5E52E}.Release|Any CPU.Build.0 = Release|Any CPU
		{58AE6356-6FC2-4942-AF52-E8DB0DDDA5F5}.Debug|Any CPU.ActiveCfg = Debug|Any CPU
		{58AE6356-6FC2-4942-AF52-E8DB0DDDA5F5}.Debug|Any CPU.Build.0 = Debug|Any CPU
		{58AE6356-6FC2-4942-AF52-E8DB0DDDA5F5}.Release|Any CPU.ActiveCfg = Release|Any CPU
		{58AE6356-6FC2-4942-AF52-E8DB0DDDA5F5}.Release|Any CPU.Build.0 = Release|Any CPU
		{EAC5FF10-F7A3-4F9E-AD29-D921492DC8D9}.Debug|Any CPU.ActiveCfg = Debug|Any CPU
		{EAC5FF10-F7A3-4F9E-AD29-D921492DC8D9}.Debug|Any CPU.Build.0 = Debug|Any CPU
		{EAC5FF10-F7A3-4F9E-AD29-D921492DC8D9}.Release|Any CPU.ActiveCfg = Release|Any CPU
		{EAC5FF10-F7A3-4F9E-AD29-D921492DC8D9}.Release|Any CPU.Build.0 = Release|Any CPU
	EndGlobalSection
	GlobalSection(NestedProjects) = preSolution
		{24810DE3-EAFF-4FA9-8813-209C15AC75EC} = {B774BCA8-4D2D-44E7-903F-0FFC349FCC85}
		{49B11A05-65BA-4C41-A886-D07726F77EEC} = {B774BCA8-4D2D-44E7-903F-0FFC349FCC85}
		{2D71B425-3F70-414A-9044-5F483C57AA7A} = {95BF9A68-FE1B-4106-91C8-CB881106BFD4}
		{8678F082-EBA8-4718-AD4E-55BAD7EE853F} = {95BF9A68-FE1B-4106-91C8-CB881106BFD4}
		{FE42A5C5-BF6D-4162-82D9-9423BA81437D} = {8678F082-EBA8-4718-AD4E-55BAD7EE853F}
		{26DCE90B-7C0D-4805-9BF6-C8A0CF0CB49E} = {8678F082-EBA8-4718-AD4E-55BAD7EE853F}
		{C39CE7FD-F986-426E-818E-08498B3EA026} = {08D0B91C-BF98-4679-BFD2-4684959CD355}
		{8487D5BA-10A7-49F4-948C-91DFCD253576} = {08D0B91C-BF98-4679-BFD2-4684959CD355}
		{5B5968C0-8344-4C43-81B9-257341E7CB59} = {08D0B91C-BF98-4679-BFD2-4684959CD355}
		{3EF7DF2F-5F6C-4673-87CE-45AEFDD6478B} = {B9FFA687-707F-4F18-A7F1-92CD0B9A258A}
		{D0DDAB70-AD6C-41F6-A73C-775824E30654} = {B9FFA687-707F-4F18-A7F1-92CD0B9A258A}
		{757F6252-E31A-4CEF-B76F-24B34798BA59} = {B9FFA687-707F-4F18-A7F1-92CD0B9A258A}
		{9EACFE00-1055-43DD-BFB5-7C6448B107FC} = {08D0B91C-BF98-4679-BFD2-4684959CD355}
		{C47D3500-3446-4B24-A267-318886F36A47} = {08D0B91C-BF98-4679-BFD2-4684959CD355}
		{42582813-5EEB-40BF-AD39-7779AB5CB49F} = {08D0B91C-BF98-4679-BFD2-4684959CD355}
		{BB90472C-EDB4-4096-BBF1-31155DF4ECBF} = {08D0B91C-BF98-4679-BFD2-4684959CD355}
		{8E43F76D-2D1C-49FC-84DF-45E0B73E80F1} = {929CD776-13A7-47E7-884B-A9B3A02BC4F1}
		{E3F10FE2-903B-4DCD-98A8-A18E1589C3BE} = {929CD776-13A7-47E7-884B-A9B3A02BC4F1}
		{8880847E-5007-4845-91D5-CCEB1A96B97C} = {08D0B91C-BF98-4679-BFD2-4684959CD355}
		{3A4ECC21-F50D-428B-A4D6-D465A918B862} = {08D0B91C-BF98-4679-BFD2-4684959CD355}
		{CF626B57-369C-40A2-8D4A-888D732BC175} = {08D0B91C-BF98-4679-BFD2-4684959CD355}
		{9E8DD07A-0453-41BB-8F35-527A92B5E52E} = {08D0B91C-BF98-4679-BFD2-4684959CD355}
		{58AE6356-6FC2-4942-AF52-E8DB0DDDA5F5} = {08D0B91C-BF98-4679-BFD2-4684959CD355}
		{EAC5FF10-F7A3-4F9E-AD29-D921492DC8D9} = {08D0B91C-BF98-4679-BFD2-4684959CD355}
	EndGlobalSection
EndGlobal
