{
  "version": 2,
  "dependencies": {
    "net10.0": {
      "Microsoft.NET.Test.Sdk": {
        "type": "Direct",
        "requested": "[18.7.0, )",
        "resolved": "18.7.0",
        "contentHash": "49xH9j4UzCh2hMohJp53g3wUTvyycECw7CtVht4gfCz5ykudB1uBcF6D0TtgJPjCtP76UPW53bQElKdCeX+dUg==",
        "dependencies": {
          "Microsoft.CodeCoverage": "18.7.0",
          "Microsoft.TestPlatform.TestHost": "18.7.0"
        }
      },
      "Verify.DiffPlex": {
        "type": "Direct",
        "requested": "[3.3.0, )",
        "resolved": "3.3.0",
        "contentHash": "0o8BepD2GkQU0J8/ttQq4b+Mp+eVKjihpJWFWRTmVsMrN09mGLltnZjxwC6Y5lOrEwuestlByxfNvOIkC9sUyg==",
        "dependencies": {
          "Argon": "0.34.0",
          "DiffEngine": "19.2.0",
          "DiffPlex": "1.9.0",
          "EmptyFiles": "8.18.1",
          "SimpleInfoName": "3.2.0",
          "Verify": "31.20.0"
        }
      },
      "Verify.XunitV3": {
        "type": "Direct",
        "requested": "[31.21.0, )",
        "resolved": "31.21.0",
        "contentHash": "4JH0dqp8IpdbbqXOugeHAdrKEL1n8p7GWA381hFvnUpygvKq70OiyTf5uLNQmSZLvljlh6ByUbt9vpBl2jfg0Q==",
        "dependencies": {
          "Argon": "0.35.0",
          "DiffEngine": "19.3.0",
          "Microsoft.Bcl.AsyncInterfaces": "10.0.9",
          "SimpleInfoName": "3.2.0",
          "Verify": "31.21.0",
          "xunit.v3.extensibility.core": "3.2.2"
        }
      },
      "xunit.v3.mtp-v2": {
        "type": "Direct",
        "requested": "[3.2.2, )",
        "resolved": "3.2.2",
        "contentHash": "S0LJpeMIMrmbVLXDCvPVX47OLk28qBYfGU+5SNCbarOEdw8oKLfiVqaACwuYRvLiOqDEB/+VJ8gTSB1ZwheoOQ==",
        "dependencies": {
          "xunit.analyzers": "1.27.0",
          "xunit.v3.assert": "[3.2.2]",
          "xunit.v3.core.mtp-v2": "[3.2.2]"
        }
      },
      "Argon": {
        "type": "Transitive",
        "resolved": "0.35.0",
        "contentHash": "xV7HDg0tTJrRp1aqD9jc1t8oZyEC5bRIOUUlvgKGrGkCiNmBAWSCp37BlDvAmBEDxW5zIV04kUmNtE5b2bIK7g=="
      },
      "DiffEngine": {
        "type": "Transitive",
        "resolved": "19.3.0",
        "contentHash": "hRPkaX6tJxqn9XTYNulQe0fBWDCwUAdHY2RPVvGhmiphUyMrRC0WhpHpuDhDI5lQxVpgH/Oa20p6sMyvkxa94Q==",
        "dependencies": {
          "EmptyFiles": "8.18.2"
        }
      },
      "DiffPlex": {
        "type": "Transitive",
        "resolved": "1.9.0",
        "contentHash": "Z4IDEH6iOb6d+Y2QUjsbq1Fp5I/kwZzNdr/evBTbCGq+ShAjE4baLm7lX1tfjV2p34QI3V9kctCQziFuuKqeCA=="
      },
      "EmptyFiles": {
        "type": "Transitive",
        "resolved": "8.18.2",
        "contentHash": "9TKkDyiREYxgTDeoBrVlmBP83w7Hjhj5sDACQhketSgRhgaXRKpjPW7sazx3PEOg0i5PbrwLjoJG9caavf69hg=="
      },
      "Microsoft.ApplicationInsights": {
        "type": "Transitive",
        "resolved": "2.23.0",
        "contentHash": "nWArUZTdU7iqZLycLKWe0TDms48KKGE6pONH2terYNa8REXiqixrMOkf1sk5DHGMaUTqONU2YkS4SAXBhLStgw=="
      },
      "Microsoft.CodeAnalysis.Analyzers": {
        "type": "Transitive",
        "resolved": "5.3.0",
        "contentHash": "KuLhbZwB0L8JikL86AE5VWEp3RLNjIcp+j8yz9EJ/UBgRz4+qDEjHg/tluRFbpYpD/e37BqaaNFbQ0vqawBwWQ=="
      },
      "Microsoft.CodeAnalysis.Common": {
        "type": "Transitive",
        "resolved": "5.6.0",
        "contentHash": "eWYNB5e92PSdkQ0xcmy2aLtrvBXNydnVi0Hj/VjaAely6XBqA3By+ClGAJaj4d16pzQmrXPLLK9RDVuS1Ec9xQ==",
        "dependencies": {
          "Microsoft.CodeAnalysis.Analyzers": "5.3.0"
        }
      },
      "Microsoft.CodeCoverage": {
        "type": "Transitive",
        "resolved": "18.7.0",
        "contentHash": "+wFfx9s7D9wegM0RziXMj2kvYDT4qcqXXtyjiQwSZOGQ2wwcOAJQcD6eQXk02jt0MvRNawtp8TJxTrV+wD8X1g=="
      },
      "Microsoft.Extensions.DependencyInjection.Abstractions": {
        "type": "Transitive",
        "resolved": "10.0.9",
        "contentHash": "g41l/30G3K4B/d/L8kjux0+30e27c8D0FVQ/PFCpbekgfDpj9mnDhieP67EqXWvl1EWNeZh2rpR4F5B/jcDOHA=="
      },
      "Microsoft.Testing.Extensions.Telemetry": {
        "type": "Transitive",
        "resolved": "2.0.2",
        "contentHash": "H580BvHyuADoWzlH9zRk5fqVyGucm6mhph+k40CQc9O4ie+Buxa4Pk9Q92BEClqIICqi25J7fuMII9qFYYgKtw==",
        "dependencies": {
          "Microsoft.ApplicationInsights": "2.23.0",
          "Microsoft.Testing.Platform": "2.0.2"
        }
      },
      "Microsoft.Testing.Extensions.TrxReport.Abstractions": {
        "type": "Transitive",
        "resolved": "2.0.2",
        "contentHash": "MrHYdPZ1CiyYp5bfjzNSghfVwl/I9osMazcZMAbwZY0BhR32i70YLf4zSXECvU2qt2PvDdrjYpGRgBscFbjDpw==",
        "dependencies": {
          "Microsoft.Testing.Platform": "2.0.2"
        }
      },
      "Microsoft.Testing.Platform": {
        "type": "Transitive",
        "resolved": "2.0.2",
        "contentHash": "43NCOTEENtdc9fmlzX9KHQR14AZEYek5r4jOJlWPhTyV1+aYAQYl4x773nYXU5TKxV6+rMuniJ7wcj9C9qrP1A=="
      },
      "Microsoft.Testing.Platform.MSBuild": {
        "type": "Transitive",
        "resolved": "2.0.2",
        "contentHash": "2zKkQKaUoaKgb/3AekboWOdLMh4upCo1nLWQnjGzp8r9YjiNOZRrzTsJQ3A4U03AcbH0evlIvFDKYSUqmTVuug==",
        "dependencies": {
          "Microsoft.Testing.Platform": "2.0.2"
        }
      },
      "Microsoft.TestPlatform.ObjectModel": {
        "type": "Transitive",
        "resolved": "18.7.0",
        "contentHash": "6rmgU4q3/WOpOPcncI0YW0Q/QpcQtwR2TTEXDR5+4TfSimPBAk6Z/BgKLeGgp1SOun0ROVUCCafXhRLwsHaPpA=="
      },
      "Microsoft.TestPlatform.TestHost": {
        "type": "Transitive",
        "resolved": "18.7.0",
        "contentHash": "kYwfmebCs8992zaxEDkvG7S+YEouTeKfYVKUFEkwh1W2dIoOaevBt80XSKVXCUFEhusjOIm1sFfHBnoJgygrRA==",
        "dependencies": {
          "Microsoft.TestPlatform.ObjectModel": "18.7.0",
          "Newtonsoft.Json": "13.0.3"
        }
      },
      "Microsoft.Win32.Registry": {
        "type": "Transitive",
        "resolved": "5.0.0",
        "contentHash": "dDoKi0PnDz31yAyETfRntsLArTlVAVzUzCIvvEDsDsucrl33Dl8pIJG06ePTJTI3tGpeyHS9Cq7Foc/s4EeKcg=="
      },
      "SimpleInfoName": {
        "type": "Transitive",
        "resolved": "3.2.0",
        "contentHash": "K8ivHRbPWfncijk62Dan/r/z55gwq3aFzqB6yFlD9X0bbpIaacHyHH2cpcIdz0FECUpERUZTwxts0z4gRWpQpA=="
      },
      "System.CodeDom": {
        "type": "Transitive",
        "resolved": "6.0.0",
        "contentHash": "CPc6tWO1LAer3IzfZufDBRL+UZQcj5uS207NHALQzP84Vp/z6wF0Aa0YZImOQY8iStY0A2zI/e3ihKNPfUm8XA=="
      },
      "Verify": {
        "type": "Transitive",
        "resolved": "31.21.0",
        "contentHash": "fVpbOuLaLG6e1v1iSHrhrSIQnhisHXkI9QA/fqNpMMSZZzQ3OMlwn7x3sB24+ITpVxFcUVHRN573FGLYub1rTA==",
        "dependencies": {
          "Argon": "0.35.0",
          "DiffEngine": "19.3.0",
          "SimpleInfoName": "3.2.0"
        }
      },
      "xunit.analyzers": {
        "type": "Transitive",
        "resolved": "1.27.0",
        "contentHash": "y/pxIQaLvk/kxAoDkZW9GnHLCEqzwl5TW0vtX3pweyQpjizB9y3DXhb9pkw2dGeUqhLjsxvvJM1k89JowU6z3g=="
      },
      "xunit.v3.assert": {
        "type": "Transitive",
        "resolved": "3.2.2",
        "contentHash": "BPciBghgEEaJN/JG00QfCYDfEfnLgQhfnYEy+j1izoeHVNYd5+3Wm8GJ6JgYysOhpBPYGE+sbf75JtrRc7jrdA=="
      },
      "xunit.v3.common": {
        "type": "Transitive",
        "resolved": "3.2.2",
        "contentHash": "Hj775PEH6GTbbg0wfKRvG2hNspDCvTH9irXhH4qIWgdrOSV1sQlqPie+DOvFeigsFg2fxSM3ZAaaCDQs+KreFA==",
        "dependencies": {
          "Microsoft.Bcl.AsyncInterfaces": "6.0.0"
        }
      },
      "xunit.v3.core.mtp-v2": {
        "type": "Transitive",
        "resolved": "3.2.2",
        "contentHash": "zW82tdCm+T1uUD1JKE+SmhgMq8nCAvcFPRLIVEiRgaxBSjcyJEKopLU3bHGOa416q+N3Dz7m1zLoPR5VJ5OQ+Q==",
        "dependencies": {
          "Microsoft.Testing.Extensions.Telemetry": "2.0.2",
          "Microsoft.Testing.Extensions.TrxReport.Abstractions": "2.0.2",
          "Microsoft.Testing.Platform": "2.0.2",
          "Microsoft.Testing.Platform.MSBuild": "2.0.2",
          "xunit.v3.extensibility.core": "[3.2.2]",
          "xunit.v3.runner.inproc.console": "[3.2.2]"
        }
      },
      "xunit.v3.runner.common": {
        "type": "Transitive",
        "resolved": "3.2.2",
        "contentHash": "/hkHkQCzGrugelOAehprm7RIWdsUFVmIVaD6jDH/8DNGCymTlKKPTbGokD5czbAfqfex47mBP0sb0zbHYwrO/g==",
        "dependencies": {
          "Microsoft.Win32.Registry": "[5.0.0]",
          "xunit.v3.common": "[3.2.2]"
        }
      },
      "xunit.v3.runner.inproc.console": {
        "type": "Transitive",
        "resolved": "3.2.2",
        "contentHash": "ulWOdSvCk+bPXijJZ73bth9NyoOHsAs1ZOvamYbCkD4DNLX/Bd29Ve2ZNUwBbK0MqfIYWXHZViy/HKrdEC/izw==",
        "dependencies": {
          "xunit.v3.extensibility.core": "[3.2.2]",
          "xunit.v3.runner.common": "[3.2.2]"
        }
      },
      "fastdata": {
        "type": "Project",
        "dependencies": {
          "Microsoft.Extensions.Logging.Abstractions": "[10.0.9, )"
        }
      },
      "fastdata.generator": {
        "type": "Project",
        "dependencies": {
          "FastData": "[1.0.0, )"
        }
      },
      "fastdata.generator.cplusplus": {
        "type": "Project",
        "dependencies": {
          "FastData.Generator.Template": "[1.0.0, )"
        }
      },
      "fastdata.generator.cplusplus.testharness": {
        "type": "Project",
        "dependencies": {
          "FastData.Generator.CPlusPlus": "[1.0.0, )",
          "FastData.InternalShared": "[1.0.0, )"
        }
      },
      "fastdata.generator.csharp": {
        "type": "Project",
        "dependencies": {
          "FastData.Generator.Template": "[1.0.0, )"
        }
      },
      "fastdata.generator.csharp.testharness": {
        "type": "Project",
        "dependencies": {
          "FastData.Generator.CSharp": "[1.0.0, )",
          "FastData.InternalShared": "[1.0.0, )"
        }
      },
      "fastdata.generator.rust": {
        "type": "Project",
        "dependencies": {
          "FastData.Generator.Template": "[1.0.0, )"
        }
      },
      "fastdata.generator.rust.testharness": {
        "type": "Project",
        "dependencies": {
          "FastData.Generator.Rust": "[1.0.0, )",
          "FastData.InternalShared": "[1.0.0, )"
        }
      },
      "fastdata.generator.template": {
        "type": "Project",
        "dependencies": {
          "FastData.Generator": "[1.0.0, )",
          "Microsoft.CodeAnalysis.CSharp": "[5.6.0, )",
          "Mono.TextTemplating": "[3.0.0, )"
        }
      },
      "fastdata.internalshared": {
        "type": "Project",
        "dependencies": {
          "Docker.DotNet": "[3.125.15, )",
          "Microsoft.CodeAnalysis.CSharp": "[5.6.0, )",
          "Newtonsoft.Json": "[13.0.4, )",
          "xunit.v3.extensibility.core": "[3.2.2, )"
        }
      },
      "Docker.DotNet": {
        "type": "CentralTransitive",
        "requested": "[3.125.15, )",
        "resolved": "3.125.15",
        "contentHash": "XN8FKxVv8Mjmwu104/Hl9lM61pLY675s70gzwSj8KR5pwblo8HfWLcCuinh9kYsqujBkMH4HVRCEcRuU6al4BQ==",
        "dependencies": {
          "Newtonsoft.Json": "13.0.1"
        }
      },
      "Microsoft.Bcl.AsyncInterfaces": {
        "type": "CentralTransitive",
        "requested": "[10.0.9, )",
        "resolved": "10.0.9",
        "contentHash": "Aq7M8lG6BrHeatqKqncVm9m55ec34k6nnfPRLe/PvGg+b/pAsRM2ejofeKmCLjTXMa+5NGXm382f8CG/D5WDow=="
      },
      "Microsoft.CodeAnalysis.CSharp": {
        "type": "CentralTransitive",
        "requested": "[5.6.0, )",
        "resolved": "5.6.0",
        "contentHash": "r1DrKQ/L0xTw03wJrLr36AMQNslyaeEKBFyFmQcOKa8HX3YvmhY//JEUafb6IR/m0gmaUVCfBTWitKJRNb7YAA==",
        "dependencies": {
          "Microsoft.CodeAnalysis.Analyzers": "5.3.0",
          "Microsoft.CodeAnalysis.Common": "[5.6.0]"
        }
      },
      "Microsoft.Extensions.Logging.Abstractions": {
        "type": "CentralTransitive",
        "requested": "[10.0.9, )",
        "resolved": "10.0.9",
        "contentHash": "9S/DFt4cohlMPpzIxjG6kk0L8MuN2vDm9pbMCulxtJzzk82oJHVLBd8vuQxaPskaYQwKqmFmbannf5eoChgjYg==",
        "dependencies": {
          "Microsoft.Extensions.DependencyInjection.Abstractions": "10.0.9"
        }
      },
      "Mono.TextTemplating": {
        "type": "CentralTransitive",
        "requested": "[3.0.0, )",
        "resolved": "3.0.0",
        "contentHash": "YqueG52R/Xej4VVbKuRIodjiAhV0HR/XVbLbNrJhCZnzjnSjgMJ/dCdV0akQQxavX6hp/LC6rqLGLcXeQYU7XA==",
        "dependencies": {
          "System.CodeDom": "6.0.0"
        }
      },
      "Newtonsoft.Json": {
        "type": "CentralTransitive",
        "requested": "[13.0.4, )",
        "resolved": "13.0.4",
        "contentHash": "pdgNNMai3zv51W5aq268sujXUyx7SNdE2bj1wZcWjAQrKMFZV260lbqYop1d2GM67JI1huLRwxo9ZqnfF/lC6A=="
      },
      "xunit.v3.extensibility.core": {
        "type": "CentralTransitive",
        "requested": "[3.2.2, )",
        "resolved": "3.2.2",
        "contentHash": "srY8z/oMPvh/t8axtO2DwrHajhFMH7tnqKildvYrVQIfICi8fOn3yIBWkVPAcrKmHMwvXRJ/XsQM3VMR6DOYfQ==",
        "dependencies": {
          "xunit.v3.common": "[3.2.2]"
        }
      }
    }
  }
}