{
  "version": 2,
  "dependencies": {
    "net10.0": {
      "Microsoft.CodeAnalysis.Analyzers": {
        "type": "Transitive",
        "resolved": "5.3.0-2.final",
        "contentHash": "VzdevMuvWpgH5s7bj+Y8CHaAPvJvzdRjBL/f2bzCEugZIOFOCZfblsbHwbCJ3hUFvvrbbcLcTrLt6HIj3bngAw=="
      },
      "Microsoft.CodeAnalysis.Common": {
        "type": "Transitive",
        "resolved": "5.3.0-2.final",
        "contentHash": "pFJLuTM+S24ezzQEJ3tYTbz9Sey1KOfSNJMQcILMYlpvEhwIq91IGe8qimeD7haYe2LAMAJoQqqIhrVUnlVNGQ==",
        "dependencies": {
          "Microsoft.CodeAnalysis.Analyzers": "5.3.0-2.25625.1"
        }
      },
      "Microsoft.Extensions.DependencyInjection.Abstractions": {
        "type": "Transitive",
        "resolved": "10.0.3",
        "contentHash": "bwGMrRcAMWx2s/RDgja97p27rxSz2pEQW0+rX5cWAUWVETVJ/eyxGfjAl8vuG5a+lckWmPIE+vcuaZNVB5YDdw=="
      },
      "System.CodeDom": {
        "type": "Transitive",
        "resolved": "6.0.0",
        "contentHash": "CPc6tWO1LAer3IzfZufDBRL+UZQcj5uS207NHALQzP84Vp/z6wF0Aa0YZImOQY8iStY0A2zI/e3ihKNPfUm8XA=="
      },
      "fastdata": {
        "type": "Project",
        "dependencies": {
          "Microsoft.Extensions.Logging.Abstractions": "[10.0.3, )"
        }
      },
      "fastdata.generator": {
        "type": "Project",
        "dependencies": {
          "FastData": "[1.0.0, )"
        }
      },
      "fastdata.generator.csharp": {
        "type": "Project",
        "dependencies": {
          "FastData.Generator.Template": "[1.0.0, )"
        }
      },
      "fastdata.generator.template": {
        "type": "Project",
        "dependencies": {
          "FastData.Generator": "[1.0.0, )",
          "Microsoft.CodeAnalysis.CSharp": "[5.3.0-2.final, )",
          "Mono.TextTemplating": "[3.0.0, )"
        }
      },
      "Microsoft.CodeAnalysis.CSharp": {
        "type": "CentralTransitive",
        "requested": "[5.3.0-2.final, )",
        "resolved": "5.3.0-2.final",
        "contentHash": "8d5I7PAkaH4J6yqGerBiXvxxhwNfrvRaAcCFb8cdiInnLibjry/wKahMJUgcRrv1ejDXAKRZb3ChtztjS5gDlw==",
        "dependencies": {
          "Microsoft.CodeAnalysis.Analyzers": "5.3.0-2.25625.1",
          "Microsoft.CodeAnalysis.Common": "[5.3.0-2.final]"
        }
      },
      "Microsoft.Extensions.Logging.Abstractions": {
        "type": "CentralTransitive",
        "requested": "[10.0.3, )",
        "resolved": "10.0.3",
        "contentHash": "lxl0WLk7ROgBFAsjcOYjQ8/DVK+VMszxGBzUhgtQmAsTNldLL5pk9NG/cWTsXHq0lUhUEAtZkEE7jOGOA8bGKQ==",
        "dependencies": {
          "Microsoft.Extensions.DependencyInjection.Abstractions": "10.0.3"
        }
      },
      "Mono.TextTemplating": {
        "type": "CentralTransitive",
        "requested": "[3.0.0, )",
        "resolved": "3.0.0",
        "contentHash": "YqueG52R/Xej4VVbKuRIodjiAhV0HR/XVbLbNrJhCZnzjnSjgMJ/dCdV0akQQxavX6hp/LC6rqLGLcXeQYU7XA==",
        "dependencies": {
          "System.CodeDom": "6.0.0"
        }
      }
    }
  }
}